
Microsoft Visual Studio Solution File, Format Version 12.00
Project("{FAE04EC0-301F-11D3-BF4B-00C04F79EFBC}") = "WardrobeInventory", "WardrobeInventory\WardrobeInventory.csproj", "{D02BA772-6B6E-4C2A-9C23-60B8A1F1E0A5}"
EndProject
Global
	GlobalSection(SolutionConfigurationPlatforms) = preSolution
		Debug|Any CPU = Debug|Any CPU
		Release|Any CPU = Release|Any CPU
	EndGlobalSection
	GlobalSection(ProjectConfigurationPlatforms) = postSolution
		{D02BA772-6B6E-4C2A-9C23-60B8A1F1E0A5}.Debug|Any CPU.ActiveCfg = Debug|Any CPU
		{D02BA772-6B6E-4C2A-9C23-60B8A1F1E0A5}.Debug|Any CPU.Build.0 = Debug|Any CPU
		{D02BA772-6B6E-4C2A-9C23-60B8A1F1E0A5}.Release|Any CPU.ActiveCfg = Release|Any CPU
		{D02BA772-6B6E-4C2A-9C23-60B8A1F1E0A5}.Release|Any CPU.Build.0 = Release|Any CPU
	EndGlobalSection
EndGlobal
