
Microsoft Visual Studio Solution File, Format Version 12.00
Project("{FAE04EC0-301F-11D3-BF4B-00C04F79EFBC}") = "SportsResultsNotifier", "SportsResultsNotifier.csproj", "{EEB13962-E255-4132-8F17-8E43BB59925E}"
EndProject
Global
	GlobalSection(SolutionConfigurationPlatforms) = preSolution
		Debug|Any CPU = Debug|Any CPU
		Release|Any CPU = Release|Any CPU
	EndGlobalSection
	GlobalSection(ProjectConfigurationPlatforms) = postSolution
		{EEB13962-E255-4132-8F17-8E43BB59925E}.Debug|Any CPU.ActiveCfg = Debug|Any CPU
		{EEB13962-E255-4132-8F17-8E43BB59925E}.Debug|Any CPU.Build.0 = Debug|Any CPU
		{EEB13962-E255-4132-8F17-8E43BB59925E}.Release|Any CPU.ActiveCfg = Release|Any CPU
		{EEB13962-E255-4132-8F17-8E43BB59925E}.Release|Any CPU.Build.0 = Release|Any CPU
	EndGlobalSection
EndGlobal
